
Microsoft Visual Studio Solution File, Format Version 12.00
# Visual Studio Version 16
VisualStudioVersion = 16.0.30523.141
MinimumVisualStudioVersion = 10.0.40219.1
Project("{FAE04EC0-301F-11D3-BF4B-00C04F79EFBC}") = "Shustrov_3", "Shustrov_3\Shustrov_3.csproj", "{8741471E-4CEB-4E05-A266-E4892B69ECC6}"
EndProject
Global
	GlobalSection(SolutionConfigurationPlatforms) = preSolution
		Debug|Any CPU = Debug|Any CPU
		Release|Any CPU = Release|Any CPU
	EndGlobalSection
	GlobalSection(ProjectConfigurationPlatforms) = postSolution
		{8741471E-4CEB-4E05-A266-E4892B69ECC6}.Debug|Any CPU.ActiveCfg = Debug|Any CPU
		{8741471E-4CEB-4E05-A266-E4892B69ECC6}.Debug|Any CPU.Build.0 = Debug|Any CPU
		{8741471E-4CEB-4E05-A266-E4892B69ECC6}.Release|Any CPU.ActiveCfg = Release|Any CPU
		{8741471E-4CEB-4E05-A266-E4892B69ECC6}.Release|Any CPU.Build.0 = Release|Any CPU
	EndGlobalSection
	GlobalSection(SolutionProperties) = preSolution
		HideSolutionNode = FALSE
	EndGlobalSection
	GlobalSection(ExtensibilityGlobals) = postSolution
		SolutionGuid = {AE92A412-05D1-45C6-B148-C17499BF4ADF}
	EndGlobalSection
EndGlobal
